# THIS IS AN AUTOGENERATED FILE. DO NOT EDIT THIS FILE DIRECTLY.
# yarn lockfile v1


"@elastic/elasticsearch@^8.2.0-patch.1":
  version "8.2.0-patch.1"
  resolved "https://registry.yarnpkg.com/@elastic/elasticsearch/-/elasticsearch-8.2.0-patch.1.tgz#494f3c20df796cd4877aa5bea87ed1bc6d06089a"
  integrity sha512-ROx9WLPoRrJ/NvT3NEz/4ZhzvGRmB1dSvhkNyuQ+LoHSR2kh4CFqFmxoFtJmWN1uqbw8WvQ0AmMCyLbDI04IVA==
  dependencies:
    "@elastic/transport" "^8.2.0"
    tslib "^2.4.0"

"@elastic/transport@^8.2.0":
  version "8.2.0"
  resolved "https://registry.yarnpkg.com/@elastic/transport/-/transport-8.2.0.tgz#f292cb79c918a36268dd853431e41f13544814ad"
  integrity sha512-H/HmefMNQfLiBSVTmNExu2lYs5EzwipUnQB53WLr17RCTDaQX0oOLHcWpDsbKQSRhDAMPPzp5YZsZMJxuxPh7A==
  dependencies:
    debug "^4.3.4"
    hpagent "^1.0.0"
    ms "^2.1.3"
    secure-json-parse "^2.4.0"
    tslib "^2.4.0"
    undici "^5.1.1"

"@mozilla/readability@^0.4.2":
  version "0.4.2"
  resolved "https://registry.yarnpkg.com/@mozilla/readability/-/readability-0.4.2.tgz#a425f3dccdbe777d45a4e791bd703ebe633ebb87"
  integrity sha512-48MJXzi4Dhy2fJ3lGjmwdEJKoMmn3oiYew9n/1OW6cZy78hAzRIyDJDBCGrg4PBFDyY4xos+H4LCFn5QVRDcfw==

arrayiffy-if-string@^4.0.13:
  version "4.0.13"
  resolved "https://registry.yarnpkg.com/arrayiffy-if-string/-/arrayiffy-if-string-4.0.13.tgz#2fbe89605d98291c618f7cbd2b82afa48460ce4d"
  integrity sha512-A/ur/GVO/e0eOuC+Em+TdfXthusMiQC0sa9IG4W9w1nfiEjh/tKu+sUBOgQ3bniwNaLr5okf0tQyhPTwiYYyNQ==

article-parser@^6.0.0:
  version "6.0.0"
  resolved "https://registry.yarnpkg.com/article-parser/-/article-parser-6.0.0.tgz#22ca2424234e4dbb3dcb5f5ea35727a774151105"
  integrity sha512-GB/O0WlPevk/AJta2j1imCKomM4nNU6Qtxi+w5Sf2ng9aaxpBRPk+mt8UhhU16vIxV3998nvrZruw8zBoYSGNA==
  dependencies:
    "@mozilla/readability" "^0.4.2"
    axios "^0.26.1"
    bellajs "^11.0.2"
    debug "^4.3.4"
    html-crush "^5.0.12"
    linkedom "^0.14.5"
    sanitize-html "^2.7.0"
    string-comparison "^1.1.0"
    urlpattern-polyfill "^4.0.2"

axios@^0.26.1:
  version "0.26.1"
  resolved "https://registry.yarnpkg.com/axios/-/axios-0.26.1.tgz#1ede41c51fcf51bbbd6fd43669caaa4f0495aaa9"
  integrity sha512-fPwcX4EvnSHuInCMItEhAGnaSEXRBjtzh9fOtsE6E1G6p7vl7edEeZe11QHf18+6+9gR5PbKV/sGKNaD8YaMeA==
  dependencies:
    follow-redirects "^1.14.8"

bellajs@^11.0.2:
  version "11.0.2"
  resolved "https://registry.yarnpkg.com/bellajs/-/bellajs-11.0.2.tgz#cd0de46c60640ad0d838ba6a4bc3ae46812e6d07"
  integrity sha512-XjyF3Ypi40AIh2PtPYgzmKrKIk4EDh6OPIcgZv653vBUiKPQ5PkrTSU1bNUW7YBYabufqS2ajv4o6xGJJaSmWw==

boolbase@^1.0.0:
  version "1.0.0"
  resolved "https://registry.yarnpkg.com/boolbase/-/boolbase-1.0.0.tgz#68dff5fbe60c51eb37725ea9e3ed310dcc1e776e"
  integrity sha1-aN/1++YMUes3cl6p4+0xDcwed24=

css-select@^4.3.0:
  version "4.3.0"
  resolved "https://registry.yarnpkg.com/css-select/-/css-select-4.3.0.tgz#db7129b2846662fd8628cfc496abb2b59e41529b"
  integrity sha512-wPpOYtnsVontu2mODhA19JrqWxNsfdatRKd64kmpRbQgh1KtItko5sTnEpPdpSaJszTOhEMlF/RPz28qj4HqhQ==
  dependencies:
    boolbase "^1.0.0"
    css-what "^6.0.1"
    domhandler "^4.3.1"
    domutils "^2.8.0"
    nth-check "^2.0.1"

css-what@^6.0.1:
  version "6.1.0"
  resolved "https://registry.yarnpkg.com/css-what/-/css-what-6.1.0.tgz#fb5effcf76f1ddea2c81bdfaa4de44e79bac70f4"
  integrity sha512-HTUrgRJ7r4dsZKU6GjmpfRK1O76h97Z8MfS1G0FozR+oF2kG6Vfe8JE6zwrkbxigziPHinCJ+gCPjA9EaBDtRw==

cssom@^0.5.0:
  version "0.5.0"
  resolved "https://registry.yarnpkg.com/cssom/-/cssom-0.5.0.tgz#d254fa92cd8b6fbd83811b9fbaed34663cc17c36"
  integrity sha512-iKuQcq+NdHqlAcwUY0o/HL69XQrUaQdMjmStJ8JFmUaiiQErlhrmuigkg/CU4E2J0IyUKUrMAgl36TvN67MqTw==

debug@^4.3.4:
  version "4.3.4"
  resolved "https://registry.yarnpkg.com/debug/-/debug-4.3.4.tgz#1319f6579357f2338d3337d2cdd4914bb5dcc865"
  integrity sha512-PRWFHuSU3eDtQJPvnNY7Jcket1j0t5OuOsFzPPzsekD52Zl8qUfFIPEiswXqIvHWGVHOgX+7G/vCNNhehwxfkQ==
  dependencies:
    ms "2.1.2"

deepmerge@^4.2.2:
  version "4.2.2"
  resolved "https://registry.yarnpkg.com/deepmerge/-/deepmerge-4.2.2.tgz#44d2ea3679b8f4d4ffba33f03d865fc1e7bf4955"
  integrity sha512-FJ3UgI4gIl+PHZm53knsuSFpE+nESMr7M4v9QcgB7S63Kj/6WqMiFQJpBBYz1Pt+66bZpP3Q7Lye0Oo9MPKEdg==

dom-serializer@^1.0.1:
  version "1.4.1"
  resolved "https://registry.yarnpkg.com/dom-serializer/-/dom-serializer-1.4.1.tgz#de5d41b1aea290215dc45a6dae8adcf1d32e2d30"
  integrity sha512-VHwB3KfrcOOkelEG2ZOfxqLZdfkil8PtJi4P8N2MMXucZq2yLp75ClViUlOVwyoHEDjYU433Aq+5zWP61+RGag==
  dependencies:
    domelementtype "^2.0.1"
    domhandler "^4.2.0"
    entities "^2.0.0"

domelementtype@^2.0.1, domelementtype@^2.2.0:
  version "2.3.0"
  resolved "https://registry.yarnpkg.com/domelementtype/-/domelementtype-2.3.0.tgz#5c45e8e869952626331d7aab326d01daf65d589d"
  integrity sha512-OLETBj6w0OsagBwdXnPdN0cnMfF9opN69co+7ZrbfPGrdpPVNBUj02spi6B1N7wChLQiPn4CSH/zJvXw56gmHw==

domhandler@^4.0.0, domhandler@^4.2.0, domhandler@^4.2.2, domhandler@^4.3.1:
  version "4.3.1"
  resolved "https://registry.yarnpkg.com/domhandler/-/domhandler-4.3.1.tgz#8d792033416f59d68bc03a5aa7b018c1ca89279c"
  integrity sha512-GrwoxYN+uWlzO8uhUXRl0P+kHE4GtVPfYzVLcUxPL7KNdHKj66vvlhiweIHqYYXWlw+T8iLMp42Lm67ghw4WMQ==
  dependencies:
    domelementtype "^2.2.0"

domutils@^2.5.2, domutils@^2.8.0:
  version "2.8.0"
  resolved "https://registry.yarnpkg.com/domutils/-/domutils-2.8.0.tgz#4437def5db6e2d1f5d6ee859bd95ca7d02048135"
  integrity sha512-w96Cjofp72M5IIhpjgobBimYEfoPjx1Vx0BSX9P30WBdZW2WIKU0T1Bd0kz2eNZ9ikjKgHbEyKx8BB6H1L3h3A==
  dependencies:
    dom-serializer "^1.0.1"
    domelementtype "^2.2.0"
    domhandler "^4.2.0"

entities@^2.0.0:
  version "2.2.0"
  resolved "https://registry.yarnpkg.com/entities/-/entities-2.2.0.tgz#098dc90ebb83d8dffa089d55256b351d34c4da55"
  integrity sha512-p92if5Nz619I0w+akJrLZH0MX0Pb5DX39XOwQTtXSdQQOaYH03S1uIQp4mhOZtAXrxq4ViO67YTiLBo2638o9A==

entities@^3.0.1:
  version "3.0.1"
  resolved "https://registry.yarnpkg.com/entities/-/entities-3.0.1.tgz#2b887ca62585e96db3903482d336c1006c3001d4"
  integrity sha512-WiyBqoomrwMdFG1e0kqvASYfnlb0lp8M5o5Fw2OFq1hNZxxcNk8Ik0Xm7LxzBhuidnZB/UtBqVCgUz3kBOP51Q==

escape-string-regexp@^4.0.0:
  version "4.0.0"
  resolved "https://registry.yarnpkg.com/escape-string-regexp/-/escape-string-regexp-4.0.0.tgz#14ba83a5d373e3d311e5afca29cf5bfad965bf34"
  integrity sha512-TtpcNJ3XAzx3Gq8sWRzJaVajRs0uVxA2YAkdb1jm2YkPz4G6egUFAyA3n5vtEIZefPk5Wa4UXbKuS5fKkJWdgA==

follow-redirects@^1.14.8:
  version "1.14.9"
  resolved "https://registry.yarnpkg.com/follow-redirects/-/follow-redirects-1.14.9.tgz#dd4ea157de7bfaf9ea9b3fbd85aa16951f78d8d7"
  integrity sha512-MQDfihBQYMcyy5dhRDJUHcw7lb2Pv/TuE6xP1vyraLukNDHKbDxDNaOE3NbCAdKQApno+GPRyo1YAp89yCjK4w==

hpagent@^1.0.0:
  version "1.0.0"
  resolved "https://registry.yarnpkg.com/hpagent/-/hpagent-1.0.0.tgz#c68f68b3df845687dbdc4896546713ce09cc6bee"
  integrity sha512-SCleE2Uc1bM752ymxg8QXYGW0TWtAV4ZW3TqH1aOnyi6T6YW2xadCcclm5qeVjvMvfQ2RKNtZxO7uVb9CTPt1A==

html-crush@^5.0.12:
  version "5.0.16"
  resolved "https://registry.yarnpkg.com/html-crush/-/html-crush-5.0.16.tgz#2d9db01ce108325f017647b2421bf40ed4c62e28"
  integrity sha512-kAWYdBehMy0mpuCm5i6LrKD6dNExxt4ROvT+fiAw5125xmqtfxOXQkAZnGdiXi0EWyQgblKmeRvDEEp3KzvQog==
  dependencies:
    ranges-apply "^6.1.2"
    ranges-push "^6.1.2"
    string-left-right "^5.0.13"
    string-match-left-right "^8.1.2"
    string-range-expander "^3.0.13"
    test-mixer "^3.0.13"

html-escaper@^3.0.3:
  version "3.0.3"
  resolved "https://registry.yarnpkg.com/html-escaper/-/html-escaper-3.0.3.tgz#4d336674652beb1dcbc29ef6b6ba7f6be6fdfed6"
  integrity sha512-RuMffC89BOWQoY0WKGpIhn5gX3iI54O6nRA0yC124NYVtzjmFWBIiFd8M0x+ZdX0P9R4lADg1mgP8C7PxGOWuQ==

htmlparser2@^6.0.0:
  version "6.1.0"
  resolved "https://registry.yarnpkg.com/htmlparser2/-/htmlparser2-6.1.0.tgz#c4d762b6c3371a05dbe65e94ae43a9f845fb8fb7"
  integrity sha512-gyyPk6rgonLFEDGoeRgQNaEUvdJ4ktTmmUh/h2t7s+M8oPpIPxgNACWa+6ESR57kXstwqPiCut0V8NRpcwgU7A==
  dependencies:
    domelementtype "^2.0.1"
    domhandler "^4.0.0"
    domutils "^2.5.2"
    entities "^2.0.0"

htmlparser2@^7.2.0:
  version "7.2.0"
  resolved "https://registry.yarnpkg.com/htmlparser2/-/htmlparser2-7.2.0.tgz#8817cdea38bbc324392a90b1990908e81a65f5a5"
  integrity sha512-H7MImA4MS6cw7nbyURtLPO1Tms7C5H602LRETv95z1MxO/7CP7rDVROehUYeYBUYEON94NXXDEPmZuq+hX4sog==
  dependencies:
    domelementtype "^2.0.1"
    domhandler "^4.2.2"
    domutils "^2.8.0"
    entities "^3.0.1"

is-plain-object@^5.0.0:
  version "5.0.0"
  resolved "https://registry.yarnpkg.com/is-plain-object/-/is-plain-object-5.0.0.tgz#4427f50ab3429e9025ea7d52e9043a9ef4159344"
  integrity sha512-VRSzKkbMm5jMDoKLbltAkFQ5Qr7VDiTFGXxYFXXowVj387GeGNOCsOH6Msy00SGZ3Fp84b1Naa1psqgcCIEP5Q==

linkedom@^0.14.5:
  version "0.14.7"
  resolved "https://registry.yarnpkg.com/linkedom/-/linkedom-0.14.7.tgz#cf4b844f34f609623ca6ea61b7e4f6e0f80d7a55"
  integrity sha512-3S0iNZDXWbKAqrtc0SU4UdhRDRm+8Fq1y15zAhcVnHWaGh+6Qnej9BF2wFJjpgdwrmF2E8nxb5axYSKLpMM3Pw==
  dependencies:
    css-select "^4.3.0"
    cssom "^0.5.0"
    html-escaper "^3.0.3"
    htmlparser2 "^7.2.0"
    uhyphen "^0.1.0"

lodash.clonedeep@^4.5.0:
  version "4.5.0"
  resolved "https://registry.yarnpkg.com/lodash.clonedeep/-/lodash.clonedeep-4.5.0.tgz#e23f3f9c4f8fbdde872529c1071857a086e5ccef"
  integrity sha1-4j8/nE+Pvd6HJSnBBxhXoIblzO8=

lodash.intersection@^4.4.0:
  version "4.4.0"
  resolved "https://registry.yarnpkg.com/lodash.intersection/-/lodash.intersection-4.4.0.tgz#0a11ba631d0e95c23c7f2f4cbb9a692ed178e705"
  integrity sha1-ChG6Yx0OlcI8fy9Mu5ppLtF45wU=

lodash.isplainobject@^4.0.6:
  version "4.0.6"
  resolved "https://registry.yarnpkg.com/lodash.isplainobject/-/lodash.isplainobject-4.0.6.tgz#7c526a52d89b45c45cc690b88163be0497f550cb"
  integrity sha1-fFJqUtibRcRcxpC4gWO+BJf1UMs=

lodash.pull@^4.1.0:
  version "4.1.0"
  resolved "https://registry.yarnpkg.com/lodash.pull/-/lodash.pull-4.1.0.tgz#60060cc6bd625b4d4567ec27dc45cd1be9eec012"
  integrity sha1-YAYMxr1iW01FZ+wn3EXNG+nuwBI=

ms@2.1.2:
  version "2.1.2"
  resolved "https://registry.yarnpkg.com/ms/-/ms-2.1.2.tgz#d09d1f357b443f493382a8eb3ccd183872ae6009"
  integrity sha512-sGkPx+VjMtmA6MX27oA4FBFELFCZZ4S4XqeGOXCv68tT+jb3vk/RyaKWP0PTKyWtmLSM0b+adUTEvbs1PEaH2w==

ms@^2.1.3:
  version "2.1.3"
  resolved "https://registry.yarnpkg.com/ms/-/ms-2.1.3.tgz#574c8138ce1d2b5861f0b44579dbadd60c6615b2"
  integrity sha512-6FlzubTLZG3J2a/NVCAleEhjzq5oxgHyaCU9yYXvcLsvoVaHJq/s5xXI6/XXP6tz7R9xAOtHnSO/tXtF3WRTlA==

nanoid@^3.3.1:
  version "3.3.3"
  resolved "https://registry.yarnpkg.com/nanoid/-/nanoid-3.3.3.tgz#fd8e8b7aa761fe807dba2d1b98fb7241bb724a25"
  integrity sha512-p1sjXuopFs0xg+fPASzQ28agW1oHD7xDsd9Xkf3T15H3c/cifrFHVwrh74PdoklAPi+i7MdRsE47vm2r6JoB+w==

nth-check@^2.0.1:
  version "2.0.1"
  resolved "https://registry.yarnpkg.com/nth-check/-/nth-check-2.0.1.tgz#2efe162f5c3da06a28959fbd3db75dbeea9f0fc2"
  integrity sha512-it1vE95zF6dTT9lBsYbxvqh0Soy4SPowchj0UBGj/V6cTPnXXtQOPUbhZ6CmGzAD/rW22LQK6E96pcdJXk4A4w==
  dependencies:
    boolbase "^1.0.0"

object-boolean-combinations@^5.0.13:
  version "5.0.13"
  resolved "https://registry.yarnpkg.com/object-boolean-combinations/-/object-boolean-combinations-5.0.13.tgz#7777d9e552fa7956e436a427bf6f300d99a5bca6"
  integrity sha512-Bw0CnSKIWSOIKHd4nxYHmqtPiIQLzWkXt+1JogU6kP1/Y3KHXnW6ew4OP3kb3wpUTLimwRttdmxwd3kjLLgUCQ==
  dependencies:
    lodash.clonedeep "^4.5.0"
    lodash.intersection "^4.4.0"
    lodash.isplainobject "^4.0.6"
    lodash.pull "^4.1.0"

parse-srcset@^1.0.2:
  version "1.0.2"
  resolved "https://registry.yarnpkg.com/parse-srcset/-/parse-srcset-1.0.2.tgz#f2bd221f6cc970a938d88556abc589caaaa2bde1"
  integrity sha1-8r0iH2zJcKk42IVWq8WJyqqiveE=

picocolors@^1.0.0:
  version "1.0.0"
  resolved "https://registry.yarnpkg.com/picocolors/-/picocolors-1.0.0.tgz#cb5bdc74ff3f51892236eaf79d68bc44564ab81c"
  integrity sha512-1fygroTLlHu66zi26VoTDv8yRgm0Fccecssto+MhsZ0D/DGW2sm8E8AjW7NU5VVTRt5GxbeZ5qBuJr+HyLYkjQ==

postcss@^8.3.11:
  version "8.4.12"
  resolved "https://registry.yarnpkg.com/postcss/-/postcss-8.4.12.tgz#1e7de78733b28970fa4743f7da6f3763648b1905"
  integrity sha512-lg6eITwYe9v6Hr5CncVbK70SoioNQIq81nsaG86ev5hAidQvmOeETBqs7jm43K2F5/Ley3ytDtriImV6TpNiSg==
  dependencies:
    nanoid "^3.3.1"
    picocolors "^1.0.0"
    source-map-js "^1.0.2"

ranges-apply@^6.1.2:
  version "6.1.2"
  resolved "https://registry.yarnpkg.com/ranges-apply/-/ranges-apply-6.1.2.tgz#f71b1dff65ecbeefa68fa73d52cd61eaac70767d"
  integrity sha512-ng26L7OFwx7XLfkmtBre9DlTKQvTflh1mVGlHKt3tfq27YQhMTl6KpxDF5vIsdD1Han7gjwpZuJSiA3wc7HPaw==
  dependencies:
    ranges-merge "^8.1.2"
    tiny-invariant "^1.2.0"

ranges-merge@^8.1.2:
  version "8.1.2"
  resolved "https://registry.yarnpkg.com/ranges-merge/-/ranges-merge-8.1.2.tgz#5cfd604aeba3d5a172baa121dcabd41e6bf92806"
  integrity sha512-8Cvvi//DES471TwbOSoe/FTgh7jBxd8wMPAwaIEo43VqcgvaBIGvQlkeWztd7k18plYuLufGvlx/IKN60sy4Yg==
  dependencies:
    ranges-push "^6.1.2"
    ranges-sort "^5.0.13"

ranges-push@^6.1.2:
  version "6.1.2"
  resolved "https://registry.yarnpkg.com/ranges-push/-/ranges-push-6.1.2.tgz#b5638567ab0440466d1151620b614a4a13cd839f"
  integrity sha512-cqdvbbI6npAX28UnVk6jrt2zZyn65D/eOjH6uOBDJFdXs5DVZAY9ba4FloYiKaYd0aMbm9y0dse9feL4ZV4BOA==
  dependencies:
    string-collapse-leading-whitespace "^6.0.14"
    string-trim-spaces-only "^4.0.13"

ranges-sort@^5.0.13:
  version "5.0.13"
  resolved "https://registry.yarnpkg.com/ranges-sort/-/ranges-sort-5.0.13.tgz#eaa163f235459655a1c0c4fc806b491dfe53e653"
  integrity sha512-Z6jLO+wf28AUk+vy2Vbs3pd13UCvZZ4Ln1fWpyeDynGUgUOjKgg27SifWLEN2B6Mx3mgGZHhfEy/GK4IrLL2dA==

sanitize-html@^2.7.0:
  version "2.7.0"
  resolved "https://registry.yarnpkg.com/sanitize-html/-/sanitize-html-2.7.0.tgz#e106205b468aca932e2f9baf241f24660d34e279"
  integrity sha512-jfQelabOn5voO7FAfnQF7v+jsA6z9zC/O4ec0z3E35XPEtHYJT/OdUziVWlKW4irCr2kXaQAyXTXDHWAibg1tA==
  dependencies:
    deepmerge "^4.2.2"
    escape-string-regexp "^4.0.0"
    htmlparser2 "^6.0.0"
    is-plain-object "^5.0.0"
    parse-srcset "^1.0.2"
    postcss "^8.3.11"

secure-json-parse@^2.4.0:
  version "2.4.0"
  resolved "https://registry.yarnpkg.com/secure-json-parse/-/secure-json-parse-2.4.0.tgz#5aaeaaef85c7a417f76271a4f5b0cc3315ddca85"
  integrity sha512-Q5Z/97nbON5t/L/sH6mY2EacfjVGwrCcSi5D3btRO2GZ8pf1K1UN7Z9H5J57hjVU2Qzxr1xO+FmBhOvEkzCMmg==

source-map-js@^1.0.2:
  version "1.0.2"
  resolved "https://registry.yarnpkg.com/source-map-js/-/source-map-js-1.0.2.tgz#adbc361d9c62df380125e7f161f71c826f1e490c"
  integrity sha512-R0XvVJ9WusLiqTCEiGCmICCMplcCkIwwR11mOSD9CR5u+IXYdiseeEuXCVAjS54zqwkLcPNnmU4OeJ6tUrWhDw==

string-character-is-astral-surrogate@^2.0.13:
  version "2.0.13"
  resolved "https://registry.yarnpkg.com/string-character-is-astral-surrogate/-/string-character-is-astral-surrogate-2.0.13.tgz#18257294f85d1b1012d01ff070b99627faebb839"
  integrity sha512-5nBhDLSy3qcj3DNsYCzk7IsArslMHVuUYoZXy6aSdP2HIRJXGa+Iqmg0K0uYWC4DKrL0aVovj/rWwQZbb4z4UA==

string-collapse-leading-whitespace@^6.0.14:
  version "6.0.14"
  resolved "https://registry.yarnpkg.com/string-collapse-leading-whitespace/-/string-collapse-leading-whitespace-6.0.14.tgz#ee9b2f9d0242c1011cb9f08a4b04febd154814b0"
  integrity sha512-70c9c9KHj+zU8AUvSTSPgOz6IIMTSqEzHxDrsFpr/c10bNsURsCZWd+RzbpZP/lMqGIeaYF/cyTt272T9YmVfA==

string-comparison@^1.1.0:
  version "1.1.0"
  resolved "https://registry.yarnpkg.com/string-comparison/-/string-comparison-1.1.0.tgz#579c43554721d68db5a7819bd78b261559af3ed4"
  integrity sha512-9its9Hn37UNw6HlHFH0CGaTkkCWSCFtI3J5qLbuJqKAfbgEc0Ix+rFWfky47TcLlr5GvTSAqbGzHzQndZ7QaSQ==

string-left-right@^5.0.13:
  version "5.0.13"
  resolved "https://registry.yarnpkg.com/string-left-right/-/string-left-right-5.0.13.tgz#84066989373659a2470dc204b679285d427c27bd"
  integrity sha512-QfjbiQZbEu8t5xkdj4T3Eni4MNhqgEDgHfD2m1Gc9jGEG+0Mo8hLi80CUes1R6jA6rXnTDMD4HiNpSqKID7Jkg==
  dependencies:
    lodash.clonedeep "^4.5.0"
    lodash.isplainobject "^4.0.6"

string-match-left-right@^8.1.2:
  version "8.1.2"
  resolved "https://registry.yarnpkg.com/string-match-left-right/-/string-match-left-right-8.1.2.tgz#1f1dce36181c320398a74f339488a544bb0f10bd"
  integrity sha512-+id3zDnZFu5UaDWf4NTtsjw0LilOkGfj8xhil/lK9J+vbo5YJg6FKZozxammKQTSXIEnRHZwCT6nrb5mgjh77g==
  dependencies:
    arrayiffy-if-string "^4.0.13"
    lodash.isplainobject "^4.0.6"
    string-character-is-astral-surrogate "^2.0.13"

string-range-expander@^3.0.13:
  version "3.0.13"
  resolved "https://registry.yarnpkg.com/string-range-expander/-/string-range-expander-3.0.13.tgz#4e10d19ee4cc6e43a39f5f51605e485ee30c75bd"
  integrity sha512-GnUrk+Rjg5Q0y5mZ4sI71uX5stTRGWN6cR4UTCQfIyf+K/q5mukN8VEyrlmQzEUoNASEoQA5k1tK1xLFlkXGsQ==

string-trim-spaces-only@^4.0.13:
  version "4.0.13"
  resolved "https://registry.yarnpkg.com/string-trim-spaces-only/-/string-trim-spaces-only-4.0.13.tgz#e598b3c3c6a640a4f397a8359a3e6b660be02a33"
  integrity sha512-W43vJduoP3//uYq73Na+lC09PJ6dQTGxF0zN0oFycUozW+OFxFurilxNQeAMFXbcs2Ookd5Tp22duLKOQJZSUg==

test-mixer@^3.0.13:
  version "3.0.13"
  resolved "https://registry.yarnpkg.com/test-mixer/-/test-mixer-3.0.13.tgz#8817ba0dc43da6cfb63a5a804177d4776e23fd59"
  integrity sha512-d6XvM9pCWSqh+g3JN0P5WN1/LyOjBZMvCWJWRmzoF/GU24f48RV4cQAYBGOF3CndPVJRBmwpIgQJl0vw6gkcLw==
  dependencies:
    lodash.clonedeep "^4.5.0"
    object-boolean-combinations "^5.0.13"

tiny-invariant@^1.2.0:
  version "1.2.0"
  resolved "https://registry.yarnpkg.com/tiny-invariant/-/tiny-invariant-1.2.0.tgz#a1141f86b672a9148c72e978a19a73b9b94a15a9"
  integrity sha512-1Uhn/aqw5C6RI4KejVeTg6mIS7IqxnLJ8Mv2tV5rTc0qWobay7pDUz6Wi392Cnc8ak1H0F2cjoRzb2/AW4+Fvg==

tslib@^2.4.0:
  version "2.4.0"
  resolved "https://registry.yarnpkg.com/tslib/-/tslib-2.4.0.tgz#7cecaa7f073ce680a05847aa77be941098f36dc3"
  integrity sha512-d6xOpEDfsi2CZVlPQzGeux8XMwLT9hssAsaPYExaQMuYskwb+x1x7J371tWlbBdWHroy99KnVB6qIkUbs5X3UQ==

uhyphen@^0.1.0:
  version "0.1.0"
  resolved "https://registry.yarnpkg.com/uhyphen/-/uhyphen-0.1.0.tgz#3cc22afa790daa802b9f6789f3583108d5b4a08c"
  integrity sha512-o0QVGuFg24FK765Qdd5kk0zU/U4dEsCtN/GSiwNI9i8xsSVtjIAOdTaVhLwZ1nrbWxFVMxNDDl+9fednsOMsBw==

undici@^5.1.1:
  version "5.2.0"
  resolved "https://registry.yarnpkg.com/undici/-/undici-5.2.0.tgz#18c5bd59f8f1b1ed8dcc9dca2f754c44ec994059"
  integrity sha512-XY6+NS3WH9b3TKOHeNz2CjR+qrVz/k4fO9g3etPpLozRvULoQmZ1+dk9JbIz40ehn27xzFk4jYVU2MU3Nle62A==

urlpattern-polyfill@^4.0.2:
  version "4.0.3"
  resolved "https://registry.yarnpkg.com/urlpattern-polyfill/-/urlpattern-polyfill-4.0.3.tgz#c1fa7a73eb4e6c6a1ffb41b24cf31974f7392d3b"
  integrity sha512-DOE84vZT2fEcl9gqCUTcnAw5ZY5Id55ikUcziSUntuEFL3pRvavg5kwDmTEUJkeCHInTlV/HexFomgYnzO5kdQ==
